
Microsoft Visual Studio Solution File, Format Version 12.00
Project("{FAE04EC0-301F-11D3-BF4B-00C04F79EFBC}") = "IntroBankChallenge", "IntroBankChallenge\IntroBankChallenge.csproj", "{D792129F-C8A9-480A-AF93-D316E5A067DB}"
EndProject
Global
	GlobalSection(SolutionConfigurationPlatforms) = preSolution
		Debug|Any CPU = Debug|Any CPU
		Release|Any CPU = Release|Any CPU
	EndGlobalSection
	GlobalSection(ProjectConfigurationPlatforms) = postSolution
		{D792129F-C8A9-480A-AF93-D316E5A067DB}.Debug|Any CPU.ActiveCfg = Debug|Any CPU
		{D792129F-C8A9-480A-AF93-D316E5A067DB}.Debug|Any CPU.Build.0 = Debug|Any CPU
		{D792129F-C8A9-480A-AF93-D316E5A067DB}.Release|Any CPU.ActiveCfg = Release|Any CPU
		{D792129F-C8A9-480A-AF93-D316E5A067DB}.Release|Any CPU.Build.0 = Release|Any CPU
	EndGlobalSection
EndGlobal
